
Microsoft Visual Studio Solution File, Format Version 12.00
# Visual Studio Version 17
VisualStudioVersion = 17.10.35013.160
MinimumVisualStudioVersion = 10.0.40219.1
Project("{FAE04EC0-301F-11D3-BF4B-00C04F79EFBC}") = "middleware", "middleware\middleware.csproj", "{7B6CB07E-E144-469A-87CF-B75D539EB4DF}"
EndProject
Global
	GlobalSection(SolutionConfigurationPlatforms) = preSolution
		Debug|Any CPU = Debug|Any CPU
		Release|Any CPU = Release|Any CPU
	EndGlobalSection
	GlobalSection(ProjectConfigurationPlatforms) = postSolution
		{7B6CB07E-E144-469A-87CF-B75D539EB4DF}.Debug|Any CPU.ActiveCfg = Debug|Any CPU
		{7B6CB07E-E144-469A-87CF-B75D539EB4DF}.Debug|Any CPU.Build.0 = Debug|Any CPU
		{7B6CB07E-E144-469A-87CF-B75D539EB4DF}.Release|Any CPU.ActiveCfg = Release|Any CPU
		{7B6CB07E-E144-469A-87CF-B75D539EB4DF}.Release|Any CPU.Build.0 = Release|Any CPU
	EndGlobalSection
	GlobalSection(SolutionProperties) = preSolution
		HideSolutionNode = FALSE
	EndGlobalSection
	GlobalSection(ExtensibilityGlobals) = postSolution
		SolutionGuid = {5B5852CA-827D-40E6-B1B3-8F13625009B4}
	EndGlobalSection
EndGlobal
